
Microsoft Visual Studio Solution File, Format Version 12.00
# Visual Studio Version 17
VisualStudioVersion = 17.5.33516.290
MinimumVisualStudioVersion = 10.0.40219.1
Project("{9A19103F-16F7-4668-BE54-9A1E7A4F7556}") = "DailyBlogUI", "WebApplication1\DailyBlogUI.csproj", "{29A9A4CE-022B-4AD7-9BF4-574993281B22}"
EndProject
Project("{9A19103F-16F7-4668-BE54-9A1E7A4F7556}") = "EntityLayer", "EntityLayer\EntityLayer.csproj", "{42CEFF0E-AADB-4475-A013-526B851580C3}"
EndProject
Project("{9A19103F-16F7-4668-BE54-9A1E7A4F7556}") = "DataAccessLayer", "DataAccessLayer\DataAccessLayer.csproj", "{9A9AB3C6-3A16-45A4-9A97-64866BED7815}"
EndProject
Project("{9A19103F-16F7-4668-BE54-9A1E7A4F7556}") = "BusinessLayer", "BusinessLayer\BusinessLayer.csproj", "{F19E9124-AB80-4E1C-84C5-EF42BC7488C2}"
EndProject
Project("{9A19103F-16F7-4668-BE54-9A1E7A4F7556}") = "CoreLayer", "CoreLayer\CoreLayer.csproj", "{70086962-E4D4-479A-A1F5-490E7F396F85}"
EndProject
Project("{FAE04EC0-301F-11D3-BF4B-00C04F79EFBC}") = "JWT_Infrastructure_Testing", "JWT_Infrastructure_Testing\JWT_Infrastructure_Testing.csproj", "{80B032BB-2FB9-4EF2-8CAB-42E4FFAD8EE1}"
EndProject
Global
	GlobalSection(SolutionConfigurationPlatforms) = preSolution
		Debug|Any CPU = Debug|Any CPU
		Release|Any CPU = Release|Any CPU
	EndGlobalSection
	GlobalSection(ProjectConfigurationPlatforms) = postSolution
		{29A9A4CE-022B-4AD7-9BF4-574993281B22}.Debug|Any CPU.ActiveCfg = Debug|Any CPU
		{29A9A4CE-022B-4AD7-9BF4-574993281B22}.Debug|Any CPU.Build.0 = Debug|Any CPU
		{29A9A4CE-022B-4AD7-9BF4-574993281B22}.Release|Any CPU.ActiveCfg = Release|Any CPU
		{29A9A4CE-022B-4AD7-9BF4-574993281B22}.Release|Any CPU.Build.0 = Release|Any CPU
		{42CEFF0E-AADB-4475-A013-526B851580C3}.Debug|Any CPU.ActiveCfg = Debug|Any CPU
		{42CEFF0E-AADB-4475-A013-526B851580C3}.Debug|Any CPU.Build.0 = Debug|Any CPU
		{42CEFF0E-AADB-4475-A013-526B851580C3}.Release|Any CPU.ActiveCfg = Release|Any CPU
		{42CEFF0E-AADB-4475-A013-526B851580C3}.Release|Any CPU.Build.0 = Release|Any CPU
		{9A9AB3C6-3A16-45A4-9A97-64866BED7815}.Debug|Any CPU.ActiveCfg = Debug|Any CPU
		{9A9AB3C6-3A16-45A4-9A97-64866BED7815}.Debug|Any CPU.Build.0 = Debug|Any CPU
		{9A9AB3C6-3A16-45A4-9A97-64866BED7815}.Release|Any CPU.ActiveCfg = Release|Any CPU
		{9A9AB3C6-3A16-45A4-9A97-64866BED7815}.Release|Any CPU.Build.0 = Release|Any CPU
		{F19E9124-AB80-4E1C-84C5-EF42BC7488C2}.Debug|Any CPU.ActiveCfg = Debug|Any CPU
		{F19E9124-AB80-4E1C-84C5-EF42BC7488C2}.Debug|Any CPU.Build.0 = Debug|Any CPU
		{F19E9124-AB80-4E1C-84C5-EF42BC7488C2}.Release|Any CPU.ActiveCfg = Release|Any CPU
		{F19E9124-AB80-4E1C-84C5-EF42BC7488C2}.Release|Any CPU.Build.0 = Release|Any CPU
		{70086962-E4D4-479A-A1F5-490E7F396F85}.Debug|Any CPU.ActiveCfg = Debug|Any CPU
		{70086962-E4D4-479A-A1F5-490E7F396F85}.Debug|Any CPU.Build.0 = Debug|Any CPU
		{70086962-E4D4-479A-A1F5-490E7F396F85}.Release|Any CPU.ActiveCfg = Release|Any CPU
		{70086962-E4D4-479A-A1F5-490E7F396F85}.Release|Any CPU.Build.0 = Release|Any CPU
		{80B032BB-2FB9-4EF2-8CAB-42E4FFAD8EE1}.Debug|Any CPU.ActiveCfg = Debug|Any CPU
		{80B032BB-2FB9-4EF2-8CAB-42E4FFAD8EE1}.Debug|Any CPU.Build.0 = Debug|Any CPU
		{80B032BB-2FB9-4EF2-8CAB-42E4FFAD8EE1}.Release|Any CPU.ActiveCfg = Release|Any CPU
		{80B032BB-2FB9-4EF2-8CAB-42E4FFAD8EE1}.Release|Any CPU.Build.0 = Release|Any CPU
	EndGlobalSection
	GlobalSection(SolutionProperties) = preSolution
		HideSolutionNode = FALSE
	EndGlobalSection
	GlobalSection(ExtensibilityGlobals) = postSolution
		SolutionGuid = {9C7C752E-32E4-4B27-A128-A400BA89F5F1}
	EndGlobalSection
EndGlobal
